
Microsoft Visual Studio Solution File, Format Version 12.00
# Visual Studio Version 16
VisualStudioVersion = 16.0.29519.181
MinimumVisualStudioVersion = 10.0.40219.1
Project("{FAE04EC0-301F-11D3-BF4B-00C04F79EFBC}") = "gittutorialtemp", "gittutorialtemp.csproj", "{F3D009A0-3242-4725-8879-D958DFBF9515}"
EndProject
Global
	GlobalSection(SolutionConfigurationPlatforms) = preSolution
		Debug|Any CPU = Debug|Any CPU
		Release|Any CPU = Release|Any CPU
	EndGlobalSection
	GlobalSection(ProjectConfigurationPlatforms) = postSolution
		{F3D009A0-3242-4725-8879-D958DFBF9515}.Debug|Any CPU.ActiveCfg = Debug|Any CPU
		{F3D009A0-3242-4725-8879-D958DFBF9515}.Debug|Any CPU.Build.0 = Debug|Any CPU
		{F3D009A0-3242-4725-8879-D958DFBF9515}.Release|Any CPU.ActiveCfg = Release|Any CPU
		{F3D009A0-3242-4725-8879-D958DFBF9515}.Release|Any CPU.Build.0 = Release|Any CPU
	EndGlobalSection
	GlobalSection(SolutionProperties) = preSolution
		HideSolutionNode = FALSE
	EndGlobalSection
	GlobalSection(ExtensibilityGlobals) = postSolution
		SolutionGuid = {3C9DC6F9-5FB5-4F28-B932-481D36EAC822}
	EndGlobalSection
EndGlobal
